PODS:
  - Flutter (1.0.0)
  - hue_rotation (0.0.1):
    - Flutter

DEPENDENCIES:
  - Flutter (from `Flutter`)
  - hue_rotation (from `.symlinks/plugins/hue_rotation/ios`)

EXTERNAL SOURCES:
  Flutter:
    :path: Flutter
  hue_rotation:
    :path: ".symlinks/plugins/hue_rotation/ios"

SPEC CHECKSUMS:
  Flutter: 0e3d915762c693b495b44d77113d4970485de6ec
  hue_rotation: 85635c97257c01d9cfee7e50ac4265c03c7eb0b5

PODFILE CHECKSUM: aafe91acc616949ddb318b77800a7f51bffa2a4c

COCOAPODS: 1.10.0
